Microsoft Visual Studio Solution File, Format Version 11.00
# Visual Studio 2008

Project("{059181C9-8A1F-E302-4FFE-560784ADC8AC}") = "UnityFinalProj", "Assembly-CSharp-firstpass.csproj", "{40F6634C-FF88-C2DD-4097-4C30F5659420}"
EndProject
Project("{059181C9-8A1F-E302-4FFE-560784ADC8AC}") = "UnityFinalProj", "Assembly-CSharp.csproj", "{35351C4E-E49D-E1AB-FD73-A695A6AC771E}"
EndProject
Project("{059181C9-8A1F-E302-4FFE-560784ADC8AC}") = "UnityFinalProj", "Assembly-CSharp-Editor.csproj", "{792E81D2-1608-4254-FEF6-D382A73CCB30}"
EndProject
Global
	GlobalSection(SolutionConfigurationPlatforms) = preSolution
		Debug|Any CPU = Debug|Any CPU
		Release|Any CPU = Release|Any CPU
	EndGlobalSection
	GlobalSection(ProjectConfigurationPlatforms) = postSolution
		{40F6634C-FF88-C2DD-4097-4C30F5659420}.Debug|Any CPU.ActiveCfg = Debug|Any CPU
		{40F6634C-FF88-C2DD-4097-4C30F5659420}.Debug|Any CPU.Build.0 = Debug|Any CPU
		{40F6634C-FF88-C2DD-4097-4C30F5659420}.Release|Any CPU.ActiveCfg = Release|Any CPU
		{40F6634C-FF88-C2DD-4097-4C30F5659420}.Release|Any CPU.Build.0 = Release|Any CPU
		{35351C4E-E49D-E1AB-FD73-A695A6AC771E}.Debug|Any CPU.ActiveCfg = Debug|Any CPU
		{35351C4E-E49D-E1AB-FD73-A695A6AC771E}.Debug|Any CPU.Build.0 = Debug|Any CPU
		{35351C4E-E49D-E1AB-FD73-A695A6AC771E}.Release|Any CPU.ActiveCfg = Release|Any CPU
		{35351C4E-E49D-E1AB-FD73-A695A6AC771E}.Release|Any CPU.Build.0 = Release|Any CPU
		{792E81D2-1608-4254-FEF6-D382A73CCB30}.Debug|Any CPU.ActiveCfg = Debug|Any CPU
		{792E81D2-1608-4254-FEF6-D382A73CCB30}.Debug|Any CPU.Build.0 = Debug|Any CPU
		{792E81D2-1608-4254-FEF6-D382A73CCB30}.Release|Any CPU.ActiveCfg = Release|Any CPU
		{792E81D2-1608-4254-FEF6-D382A73CCB30}.Release|Any CPU.Build.0 = Release|Any CPU
	EndGlobalSection
	GlobalSection(SolutionProperties) = preSolution
		HideSolutionNode = FALSE
	EndGlobalSection
																																																																																																																																				GlobalSection(MonoDevelopProperties) = preSolution
		StartupItem = Assembly-CSharp.csproj
		Policies = $0
		$0.TextStylePolicy = $1
		$1.inheritsSet = null
		$1.scope = text/x-csharp
		$0.CSharpFormattingPolicy = $2
		$2.inheritsSet = Mono
		$2.inheritsScope = text/x-csharp
		$2.scope = text/x-csharp
		$0.TextStylePolicy = $3
		$3.FileWidth = 120
		$3.TabWidth = 4
		$3.IndentWidth = 4
		$3.EolMarker = Unix
		$3.inheritsSet = Mono
		$3.inheritsScope = text/plain
		$3.scope = text/plain
	EndGlobalSection

EndGlobal
